uuid: bac15f48-ee40-4943-a242-2d11a9262d79
langcode: en
status: true
dependencies:
  content:
    - 'block_content:imprint:3f88f7e0-93e5-40e1-876f-f37754189253'
  module:
    - block_content
    - system
  theme:
    - bksi
id: imprintpageblock
theme: bksi
region: content
weight: 0
provider: null
plugin: 'block_content:3f88f7e0-93e5-40e1-876f-f37754189253'
settings:
  id: 'block_content:3f88f7e0-93e5-40e1-876f-f37754189253'
  label: 'imprint page block'
  label_display: visible
  provider: block_content
  status: true
  info: ''
  view_mode: full
visibility:
  request_path:
    id: request_path
    negate: false
    pages: /imprint
